
Microsoft Visual Studio Solution File, Format Version 12.00
Project("{2150E333-8FDC-42A3-9474-1A3956D46DE8}") = "common", "common", "{11A3AED8-9A7A-4489-B3D3-83C669DC9B8E}"
	ProjectSection(SolutionItems) = preProject
		.gitignore = .gitignore
		docker-compose.yaml = docker-compose.yaml
		Directory.Build.props = Directory.Build.props
		Directory.Packages.props = Directory.Packages.props
	EndProjectSection
EndProject
Project("{2150E333-8FDC-42A3-9474-1A3956D46DE8}") = "src", "src", "{E0C8155D-3E87-493C-9584-E1148C8E3EC6}"
EndProject
Project("{2150E333-8FDC-42A3-9474-1A3956D46DE8}") = "PaymentGuard", "PaymentGuard", "{9ABAF103-717D-4086-9021-1DCF74C71F5D}"
EndProject
Project("{FAE04EC0-301F-11D3-BF4B-00C04F79EFBC}") = "PaymentGuard.Host", "src\PaymentGuard\PaymentGuard.Host\PaymentGuard.Host.csproj", "{4924A3B3-55C3-4F13-83D8-9DAAE3FD00FA}"
EndProject
Project("{2150E333-8FDC-42A3-9474-1A3956D46DE8}") = "Payments", "Payments", "{AA159745-3CC8-41C8-A91F-ECABD20F8EF9}"
EndProject
Project("{FAE04EC0-301F-11D3-BF4B-00C04F79EFBC}") = "Payments.Host", "src\Payments\Payments.Host\Payments.Host.csproj", "{370B3AF1-AF5D-444F-9F7D-610DD8FA6952}"
EndProject
Project("{2150E333-8FDC-42A3-9474-1A3956D46DE8}") = "Orders", "Orders", "{E6A8C298-F4D1-4F2A-8749-272E7E4FB5A7}"
EndProject
Project("{FAE04EC0-301F-11D3-BF4B-00C04F79EFBC}") = "Orders.Host", "src\Orders\Orders.Host\Orders.Host.csproj", "{FAFF0A61-E716-4067-BA49-BFE2F5BCBDF8}"
EndProject
Project("{FAE04EC0-301F-11D3-BF4B-00C04F79EFBC}") = "Payments.Contracts", "src\Payments\Payments.Contracts\Payments.Contracts.csproj", "{F5DBB8CE-9AA6-4C19-B4F1-E1581197C88C}"
EndProject
Project("{FAE04EC0-301F-11D3-BF4B-00C04F79EFBC}") = "Orders.Contracts", "src\Orders\Orders.Contracts\Orders.Contracts.csproj", "{1D38AAC0-C225-4876-B837-687C138DF06C}"
EndProject
Global
	GlobalSection(SolutionConfigurationPlatforms) = preSolution
		Debug|Any CPU = Debug|Any CPU
		Release|Any CPU = Release|Any CPU
	EndGlobalSection
	GlobalSection(ProjectConfigurationPlatforms) = postSolution
		{4924A3B3-55C3-4F13-83D8-9DAAE3FD00FA}.Debug|Any CPU.ActiveCfg = Debug|Any CPU
		{4924A3B3-55C3-4F13-83D8-9DAAE3FD00FA}.Debug|Any CPU.Build.0 = Debug|Any CPU
		{4924A3B3-55C3-4F13-83D8-9DAAE3FD00FA}.Release|Any CPU.ActiveCfg = Release|Any CPU
		{4924A3B3-55C3-4F13-83D8-9DAAE3FD00FA}.Release|Any CPU.Build.0 = Release|Any CPU
		{370B3AF1-AF5D-444F-9F7D-610DD8FA6952}.Debug|Any CPU.ActiveCfg = Debug|Any CPU
		{370B3AF1-AF5D-444F-9F7D-610DD8FA6952}.Debug|Any CPU.Build.0 = Debug|Any CPU
		{370B3AF1-AF5D-444F-9F7D-610DD8FA6952}.Release|Any CPU.ActiveCfg = Release|Any CPU
		{370B3AF1-AF5D-444F-9F7D-610DD8FA6952}.Release|Any CPU.Build.0 = Release|Any CPU
		{FAFF0A61-E716-4067-BA49-BFE2F5BCBDF8}.Debug|Any CPU.ActiveCfg = Debug|Any CPU
		{FAFF0A61-E716-4067-BA49-BFE2F5BCBDF8}.Debug|Any CPU.Build.0 = Debug|Any CPU
		{FAFF0A61-E716-4067-BA49-BFE2F5BCBDF8}.Release|Any CPU.ActiveCfg = Release|Any CPU
		{FAFF0A61-E716-4067-BA49-BFE2F5BCBDF8}.Release|Any CPU.Build.0 = Release|Any CPU
		{F5DBB8CE-9AA6-4C19-B4F1-E1581197C88C}.Debug|Any CPU.ActiveCfg = Debug|Any CPU
		{F5DBB8CE-9AA6-4C19-B4F1-E1581197C88C}.Debug|Any CPU.Build.0 = Debug|Any CPU
		{F5DBB8CE-9AA6-4C19-B4F1-E1581197C88C}.Release|Any CPU.ActiveCfg = Release|Any CPU
		{F5DBB8CE-9AA6-4C19-B4F1-E1581197C88C}.Release|Any CPU.Build.0 = Release|Any CPU
		{1D38AAC0-C225-4876-B837-687C138DF06C}.Debug|Any CPU.ActiveCfg = Debug|Any CPU
		{1D38AAC0-C225-4876-B837-687C138DF06C}.Debug|Any CPU.Build.0 = Debug|Any CPU
		{1D38AAC0-C225-4876-B837-687C138DF06C}.Release|Any CPU.ActiveCfg = Release|Any CPU
		{1D38AAC0-C225-4876-B837-687C138DF06C}.Release|Any CPU.Build.0 = Release|Any CPU
	EndGlobalSection
	GlobalSection(NestedProjects) = preSolution
		{9ABAF103-717D-4086-9021-1DCF74C71F5D} = {E0C8155D-3E87-493C-9584-E1148C8E3EC6}
		{4924A3B3-55C3-4F13-83D8-9DAAE3FD00FA} = {9ABAF103-717D-4086-9021-1DCF74C71F5D}
		{AA159745-3CC8-41C8-A91F-ECABD20F8EF9} = {E0C8155D-3E87-493C-9584-E1148C8E3EC6}
		{370B3AF1-AF5D-444F-9F7D-610DD8FA6952} = {AA159745-3CC8-41C8-A91F-ECABD20F8EF9}
		{E6A8C298-F4D1-4F2A-8749-272E7E4FB5A7} = {E0C8155D-3E87-493C-9584-E1148C8E3EC6}
		{FAFF0A61-E716-4067-BA49-BFE2F5BCBDF8} = {E6A8C298-F4D1-4F2A-8749-272E7E4FB5A7}
		{F5DBB8CE-9AA6-4C19-B4F1-E1581197C88C} = {AA159745-3CC8-41C8-A91F-ECABD20F8EF9}
		{1D38AAC0-C225-4876-B837-687C138DF06C} = {E6A8C298-F4D1-4F2A-8749-272E7E4FB5A7}
	EndGlobalSection
EndGlobal
